// !$*UTF8*$!
{
	archiveVersion = 1;
	classes = {
	};
	objectVersion = 50;
	objects = {

/* Begin PBXBuildFile section */
		187E779B22DE2A8C00C713C5 /* PhotoTableTableViewController.swift in Sources */ = {isa = PBXBuildFile; fileRef = 187E779A22DE2A8C00C713C5 /* PhotoTableTableViewController.swift */; };
		187E779D22DE69D300C713C5 /* PhotoDetailViewController.swift in Sources */ = {isa = PBXBuildFile; fileRef = 187E779C22DE69D300C713C5 /* PhotoDetailViewController.swift */; };
		1891E51522DD1A3D00519031 /* AppDelegate.swift in Sources */ = {isa = PBXBuildFile; fileRef = 1891E51422DD1A3D00519031 /* AppDelegate.swift */; };
		1891E51A22DD1A3D00519031 /* Main.storyboard in Resources */ = {isa = PBXBuildFile; fileRef = 1891E51822DD1A3D00519031 /* Main.storyboard */; };
		1891E51D22DD1A3D00519031 /* ViewFinder.xcdatamodeld in Sources */ = {isa = PBXBuildFile; fileRef = 1891E51B22DD1A3D00519031 /* ViewFinder.xcdatamodeld */; };
		1891E51F22DD1A3F00519031 /* Assets.xcassets in Resources */ = {isa = PBXBuildFile; fileRef = 1891E51E22DD1A3F00519031 /* Assets.xcassets */; };
		1891E52222DD1A3F00519031 /* LaunchScreen.storyboard in Resources */ = {isa = PBXBuildFile; fileRef = 1891E52022DD1A3F00519031 /* LaunchScreen.storyboard */; };
		1891E54B22DD2DB800519031 /* AddPhotoViewController.swift in Sources */ = {isa = PBXBuildFile; fileRef = 1891E54A22DD2DB800519031 /* AddPhotoViewController.swift */; };
/* End PBXBuildFile section */

/* Begin PBXFileReference section */
		187E779A22DE2A8C00C713C5 /* PhotoTableTableViewController.swift */ = {isa = PBXFileReference; lastKnownFileType = sourcecode.swift; path = PhotoTableTableViewController.swift; sourceTree = "<group>"; };
		187E779C22DE69D300C713C5 /* PhotoDetailViewController.swift */ = {isa = PBXFileReference; lastKnownFileType = sourcecode.swift; path = PhotoDetailViewController.swift; sourceTree = "<group>"; };
		1891E51122DD1A3D00519031 /* ViewFinder.app */ = {isa = PBXFileReference; explicitFileType = wrapper.application; includeInIndex = 0; path = ViewFinder.app; sourceTree = BUILT_PRODUCTS_DIR; };
		1891E51422DD1A3D00519031 /* AppDelegate.swift */ = {isa = PBXFileReference; lastKnownFileType = sourcecode.swift; path = AppDelegate.swift; sourceTree = "<group>"; };
		1891E51922DD1A3D00519031 /* Base */ = {isa = PBXFileReference; lastKnownFileType = file.storyboard; name = Base; path = Base.lproj/Main.storyboard; sourceTree = "<group>"; };
		1891E51C22DD1A3D00519031 /* ViewFinder.xcdatamodel */ = {isa = PBXFileReference; lastKnownFileType = wrapper.xcdatamodel; path = ViewFinder.xcdatamodel; sourceTree = "<group>"; };
		1891E51E22DD1A3F00519031 /* Assets.xcassets */ = {isa = PBXFileReference; lastKnownFileType = folder.assetcatalog; path = Assets.xcassets; sourceTree = "<group>"; };
		1891E52122DD1A3F00519031 /* Base */ = {isa = PBXFileReference; lastKnownFileType = file.storyboard; name = Base; path = Base.lproj/LaunchScreen.storyboard; sourceTree = "<group>"; };
		1891E52322DD1A3F00519031 /* Info.plist */ = {isa = PBXFileReference; lastKnownFileType = text.plist.xml; path = Info.plist; sourceTree = "<group>"; };
		1891E54A22DD2DB800519031 /* AddPhotoViewController.swift */ = {isa = PBXFileReference; lastKnownFileType = sourcecode.swift; path = AddPhotoViewController.swift; sourceTree = "<group>"; };
/* End PBXFileReference section */

/* Begin PBXFrameworksBuildPhase section */
		1891E50E22DD1A3D00519031 /* Frameworks */ = {
			isa = PBXFrameworksBuildPhase;
			buildActionMask = 2147483647;
			files = (
			);
			runOnlyForDeploymentPostprocessing = 0;
		};
/* End PBXFrameworksBuildPhase section */

/* Begin PBXGroup section */
		1891E50822DD1A3D00519031 = {
			isa = PBXGroup;
			children = (
				1891E51322DD1A3D00519031 /* ViewFinder */,
				1891E51222DD1A3D00519031 /* Products */,
			);
			sourceTree = "<group>";
		};
		1891E51222DD1A3D00519031 /* Products */ = {
			isa = PBXGroup;
			children = (
				1891E51122DD1A3D00519031 /* ViewFinder.app */,
			);
			name = Products;
			sourceTree = "<group>";
		};
		1891E51322DD1A3D00519031 /* ViewFinder */ = {
			isa = PBXGroup;
			children = (
				1891E51422DD1A3D00519031 /* AppDelegate.swift */,
				1891E51822DD1A3D00519031 /* Main.storyboard */,
				187E779A22DE2A8C00C713C5 /* PhotoTableTableViewController.swift */,
				1891E54A22DD2DB800519031 /* AddPhotoViewController.swift */,
				1891E51E22DD1A3F00519031 /* Assets.xcassets */,
				1891E52022DD1A3F00519031 /* LaunchScreen.storyboard */,
				1891E52322DD1A3F00519031 /* Info.plist */,
				1891E51B22DD1A3D00519031 /* ViewFinder.xcdatamodeld */,
				187E779C22DE69D300C713C5 /* PhotoDetailViewController.swift */,
			);
			path = ViewFinder;
			sourceTree = "<group>";
		};
/* End PBXGroup section */

/* Begin PBXNativeTarget section */
		1891E51022DD1A3D00519031 /* ViewFinder */ = {
			isa = PBXNativeTarget;
			buildConfigurationList = 1891E52622DD1A3F00519031 /* Build configuration list for PBXNativeTarget "ViewFinder" */;
			buildPhases = (
				1891E50D22DD1A3D00519031 /* Sources */,
				1891E50E22DD1A3D00519031 /* Frameworks */,
				1891E50F22DD1A3D00519031 /* Resources */,
			);
			buildRules = (
			);
			dependencies = (
			);
			name = ViewFinder;
			productName = ViewFinder;
			productReference = 1891E51122DD1A3D00519031 /* ViewFinder.app */;
			productType = "com.apple.product-type.application";
		};
/* End PBXNativeTarget section */

/* Begin PBXProject section */
		1891E50922DD1A3D00519031 /* Project object */ = {
			isa = PBXProject;
			attributes = {
				LastSwiftUpdateCheck = 1020;
				LastUpgradeCheck = 1020;
				ORGANIZATIONNAME = "Ellen McMillan";
				TargetAttributes = {
					1891E51022DD1A3D00519031 = {
						CreatedOnToolsVersion = 10.2.1;
					};
				};
			};
			buildConfigurationList = 1891E50C22DD1A3D00519031 /* Build configuration list for PBXProject "ViewFinder" */;
			compatibilityVersion = "Xcode 9.3";
			developmentRegion = en;
			hasScannedForEncodings = 0;
			knownRegions = (
				en,
				Base,
			);
			mainGroup = 1891E50822DD1A3D00519031;
			productRefGroup = 1891E51222DD1A3D00519031 /* Products */;
			projectDirPath = "";
			projectRoot = "";
			targets = (
				1891E51022DD1A3D00519031 /* ViewFinder */,
			);
		};
/* End PBXProject section */

/* Begin PBXResourcesBuildPhase section */
		1891E50F22DD1A3D00519031 /* Resources */ = {
			isa = PBXResourcesBuildPhase;
			buildActionMask = 2147483647;
			files = (
				1891E52222DD1A3F00519031 /* LaunchScreen.storyboard in Resources */,
				1891E51F22DD1A3F00519031 /* Assets.xcassets in Resources */,
				1891E51A22DD1A3D00519031 /* Main.storyboard in Resources */,
			);
			runOnlyForDeploymentPostprocessing = 0;
		};
/* End PBXResourcesBuildPhase section */

/* Begin PBXSourcesBuildPhase section */
		1891E50D22DD1A3D00519031 /* Sources */ = {
			isa = PBXSourcesBuildPhase;
			buildActionMask = 2147483647;
			files = (
				1891E51D22DD1A3D00519031 /* ViewFinder.xcdatamodeld in Sources */,
				1891E54B22DD2DB800519031 /* AddPhotoViewController.swift in Sources */,
				1891E51522DD1A3D00519031 /* AppDelegate.swift in Sources */,
				187E779D22DE69D300C713C5 /* PhotoDetailViewController.swift in Sources */,
				187E779B22DE2A8C00C713C5 /* PhotoTableTableViewController.swift in Sources */,
			);
			runOnlyForDeploymentPostprocessing = 0;
		};
/* End PBXSourcesBuildPhase section */

/* Begin PBXVariantGroup section */
		1891E51822DD1A3D00519031 /* Main.storyboard */ = {
			isa = PBXVariantGroup;
			children = (
				1891E51922DD1A3D00519031 /* Base */,
			);
			name = Main.storyboard;
			sourceTree = "<group>";
		};
		1891E52022DD1A3F00519031 /* LaunchScreen.storyboard */ = {
			isa = PBXVariantGroup;
			children = (
				1891E52122DD1A3F00519031 /* Base */,
			);
			name = LaunchScreen.storyboard;
			sourceTree = "<group>";
		};
/* End PBXVariantGroup section */

/* Begin XCBuildConfiguration section */
		1891E52422DD1A3F00519031 /* Debug */ = {
			isa = XCBuildConfiguration;
			buildSettings = {
				ALWAYS_SEARCH_USER_PATHS = NO;
				CLANG_ANALYZER_NONNULL = YES;
				CLANG_ANALYZER_NUMBER_OBJECT_CONVERSION = YES_AGGRESSIVE;
				CLANG_CXX_LANGUAGE_STANDARD = "gnu++14";
				CLANG_CXX_LIBRARY = "libc++";
				CLANG_ENABLE_MODULES = YES;
				CLANG_ENABLE_OBJC_ARC = YES;
				CLANG_ENABLE_OBJC_WEAK = YES;
				CLANG_WARN_BLOCK_CAPTURE_AUTORELEASING = YES;
				CLANG_WARN_BOOL_CONVERSION = YES;
				CLANG_WARN_COMMA = YES;
				CLANG_WARN_CONSTANT_CONVERSION = YES;
				CLANG_WARN_DEPRECATED_OBJC_IMPLEMENTATIONS = YES;
				CLANG_WARN_DIRECT_OBJC_ISA_USAGE = YES_ERROR;
				CLANG_WARN_DOCUMENTATION_COMMENTS = YES;
				CLANG_WARN_EMPTY_BODY = YES;
				CLANG_WARN_ENUM_CONVERSION = YES;
				CLANG_WARN_INFINITE_RECURSION = YES;
				CLANG_WARN_INT_CONVERSION = YES;
				CLANG_WARN_NON_LITERAL_NULL_CONVERSION = YES;
				CLANG_WARN_OBJC_IMPLICIT_RETAIN_SELF = YES;
				CLANG_WARN_OBJC_LITERAL_CONVERSION = YES;
				CLANG_WARN_OBJC_ROOT_CLASS = YES_ERROR;
				CLANG_WARN_RANGE_LOOP_ANALYSIS = YES;
				CLANG_WARN_STRICT_PROTOTYPES = YES;
				CLANG_WARN_SUSPICIOUS_MOVE = YES;
				CLANG_WARN_UNGUARDED_AVAILABILITY = YES_AGGRESSIVE;
				CLANG_WARN_UNREACHABLE_CODE = YES;
				CLANG_WARN__DUPLICATE_METHOD_MATCH = YES;
				CODE_SIGN_IDENTITY = "iPhone Developer";
				COPY_PHASE_STRIP = NO;
				DEBUG_INFORMATION_FORMAT = dwarf;
				ENABLE_STRICT_OBJC_MSGSEND = YES;
				ENABLE_TESTABILITY = YES;
				GCC_C_LANGUAGE_STANDARD = gnu11;
				GCC_DYNAMIC_NO_PIC = NO;
				GCC_NO_COMMON_BLOCKS = YES;
				GCC_OPTIMIZATION_LEVEL = 0;
				GCC_PREPROCESSOR_DEFINITIONS = (
					"DEBUG=1",
					"$(inherited)",
				);
				GCC_WARN_64_TO_32_BIT_CONVERSION = YES;
				GCC_WARN_ABOUT_RETURN_TYPE = YES_ERROR;
				GCC_WARN_UNDECLARED_SELECTOR = YES;
				GCC_WARN_UNINITIALIZED_AUTOS = YES_AGGRESSIVE;
				GCC_WARN_UNUSED_FUNCTION = YES;
				GCC_WARN_UNUSED_VARIABLE = YES;
				IPHONEOS_DEPLOYMENT_TARGET = 12.2;
				MTL_ENABLE_DEBUG_INFO = INCLUDE_SOURCE;
				MTL_FAST_MATH = YES;
				ONLY_ACTIVE_ARCH = YES;
				SDKROOT = iphoneos;
				SWIFT_ACTIVE_COMPILATION_CONDITIONS = DEBUG;
				SWIFT_OPTIMIZATION_LEVEL = "-Onone";
			};
			name = Debug;
		};
		1891E52522DD1A3F00519031 /* Release */ = {
			isa = XCBuildConfiguration;
			buildSettings = {
				ALWAYS_SEARCH_USER_PATHS = NO;
				CLANG_ANALYZER_NONNULL = YES;
				CLANG_ANALYZER_NUMBER_OBJECT_CONVERSION = YES_AGGRESSIVE;
				CLANG_CXX_LANGUAGE_STANDARD = "gnu++14";
				CLANG_CXX_LIBRARY = "libc++";
				CLANG_ENABLE_MODULES = YES;
				CLANG_ENABLE_OBJC_ARC = YES;
				CLANG_ENABLE_OBJC_WEAK = YES;
				CLANG_WARN_BLOCK_CAPTURE_AUTORELEASING = YES;
				CLANG_WARN_BOOL_CONVERSION = YES;
				CLANG_WARN_COMMA = YES;
				CLANG_WARN_CONSTANT_CONVERSION = YES;
				CLANG_WARN_DEPRECATED_OBJC_IMPLEMENTATIONS = YES;
				CLANG_WARN_DIRECT_OBJC_ISA_USAGE = YES_ERROR;
				CLANG_WARN_DOCUMENTATION_COMMENTS = YES;
				CLANG_WARN_EMPTY_BODY = YES;
				CLANG_WARN_ENUM_CONVERSION = YES;
				CLANG_WARN_INFINITE_RECURSION = YES;
				CLANG_WARN_INT_CONVERSION = YES;
				CLANG_WARN_NON_LITERAL_NULL_CONVERSION = YES;
				CLANG_WARN_OBJC_IMPLICIT_RETAIN_SELF = YES;
				CLANG_WARN_OBJC_LITERAL_CONVERSION = YES;
				CLANG_WARN_OBJC_ROOT_CLASS = YES_ERROR;
				CLANG_WARN_RANGE_LOOP_ANALYSIS = YES;
				CLANG_WARN_STRICT_PROTOTYPES = YES;
				CLANG_WARN_SUSPICIOUS_MOVE = YES;
				CLANG_WARN_UNGUARDED_AVAILABILITY = YES_AGGRESSIVE;
				CLANG_WARN_UNREACHABLE_CODE = YES;
				CLANG_WARN__DUPLICATE_METHOD_MATCH = YES;
				CODE_SIGN_IDENTITY = "iPhone Developer";
				COPY_PHASE_STRIP = NO;
				DEBUG_INFORMATION_FORMAT = "dwarf-with-dsym";
				ENABLE_NS_ASSERTIONS = NO;
				ENABLE_STRICT_OBJC_MSGSEND = YES;
				GCC_C_LANGUAGE_STANDARD = gnu11;
				GCC_NO_COMMON_BLOCKS = YES;
				GCC_WARN_64_TO_32_BIT_CONVERSION = YES;
				GCC_WARN_ABOUT_RETURN_TYPE = YES_ERROR;
				GCC_WARN_UNDECLARED_SELECTOR = YES;
				GCC_WARN_UNINITIALIZED_AUTOS = YES_AGGRESSIVE;
				GCC_WARN_UNUSED_FUNCTION = YES;
				GCC_WARN_UNUSED_VARIABLE = YES;
				IPHONEOS_DEPLOYMENT_TARGET = 12.2;
				MTL_ENABLE_DEBUG_INFO = NO;
				MTL_FAST_MATH = YES;
				SDKROOT = iphoneos;
				SWIFT_COMPILATION_MODE = wholemodule;
				SWIFT_OPTIMIZATION_LEVEL = "-O";
				VALIDATE_PRODUCT = YES;
			};
			name = Release;
		};
		1891E52722DD1A3F00519031 /* Debug */ = {
			isa = XCBuildConfiguration;
			buildSettings = {
				ASSETCATALOG_COMPILER_APPICON_NAME = AppIcon;
				CODE_SIGN_STYLE = Automatic;
				INFOPLIST_FILE = ViewFinder/Info.plist;
				LD_RUNPATH_SEARCH_PATHS = (
					"$(inherited)",
					"@executable_path/Frameworks",
				);
				PRODUCT_BUNDLE_IDENTIFIER = KWK.ViewFinder;
				PRODUCT_NAME = "$(TARGET_NAME)";
				SWIFT_VERSION = 5.0;
				TARGETED_DEVICE_FAMILY = "1,2";
			};
			name = Debug;
		};
		1891E52822DD1A3F00519031 /* Release */ = {
			isa = XCBuildConfiguration;
			buildSettings = {
				ASSETCATALOG_COMPILER_APPICON_NAME = AppIcon;
				CODE_SIGN_STYLE = Automatic;
				INFOPLIST_FILE = ViewFinder/Info.plist;
				LD_RUNPATH_SEARCH_PATHS = (
					"$(inherited)",
					"@executable_path/Frameworks",
				);
				PRODUCT_BUNDLE_IDENTIFIER = KWK.ViewFinder;
				PRODUCT_NAME = "$(TARGET_NAME)";
				SWIFT_VERSION = 5.0;
				TARGETED_DEVICE_FAMILY = "1,2";
			};
			name = Release;
		};
/* End XCBuildConfiguration section */

/* Begin XCConfigurationList section */
		1891E50C22DD1A3D00519031 /* Build configuration list for PBXProject "ViewFinder" */ = {
			isa = XCConfigurationList;
			buildConfigurations = (
				1891E52422DD1A3F00519031 /* Debug */,
				1891E52522DD1A3F00519031 /* Release */,
			);
			defaultConfigurationIsVisible = 0;
			defaultConfigurationName = Release;
		};
		1891E52622DD1A3F00519031 /* Build configuration list for PBXNativeTarget "ViewFinder" */ = {
			isa = XCConfigurationList;
			buildConfigurations = (
				1891E52722DD1A3F00519031 /* Debug */,
				1891E52822DD1A3F00519031 /* Release */,
			);
			defaultConfigurationIsVisible = 0;
			defaultConfigurationName = Release;
		};
/* End XCConfigurationList section */

/* Begin XCVersionGroup section */
		1891E51B22DD1A3D00519031 /* ViewFinder.xcdatamodeld */ = {
			isa = XCVersionGroup;
			children = (
				1891E51C22DD1A3D00519031 /* ViewFinder.xcdatamodel */,
			);
			currentVersion = 1891E51C22DD1A3D00519031 /* ViewFinder.xcdatamodel */;
			path = ViewFinder.xcdatamodeld;
			sourceTree = "<group>";
			versionGroupType = wrapper.xcdatamodel;
		};
/* End XCVersionGroup section */
	};
	rootObject = 1891E50922DD1A3D00519031 /* Project object */;
}
